
Microsoft Visual Studio Solution File, Format Version 12.00
# Visual Studio 15
VisualStudioVersion = 15.0.35213.121
MinimumVisualStudioVersion = 10.0.40219.1
Project("{FAE04EC0-301F-11D3-BF4B-00C04F79EFBC}") = "Formula_1", "Formula_1\Formula_1.csproj", "{7267EE58-ECE4-461B-8916-A3E73F657E1E}"
EndProject
Global
	GlobalSection(SolutionConfigurationPlatforms) = preSolution
		Debug|Any CPU = Debug|Any CPU
		Release|Any CPU = Release|Any CPU
	EndGlobalSection
	GlobalSection(ProjectConfigurationPlatforms) = postSolution
		{7267EE58-ECE4-461B-8916-A3E73F657E1E}.Debug|Any CPU.ActiveCfg = Debug|Any CPU
		{7267EE58-ECE4-461B-8916-A3E73F657E1E}.Debug|Any CPU.Build.0 = Debug|Any CPU
		{7267EE58-ECE4-461B-8916-A3E73F657E1E}.Release|Any CPU.ActiveCfg = Release|Any CPU
		{7267EE58-ECE4-461B-8916-A3E73F657E1E}.Release|Any CPU.Build.0 = Release|Any CPU
	EndGlobalSection
	GlobalSection(SolutionProperties) = preSolution
		HideSolutionNode = FALSE
	EndGlobalSection
	GlobalSection(ExtensibilityGlobals) = postSolution
		SolutionGuid = {5232F3CA-D84A-443F-AE3D-DC4A7EC1908F}
	EndGlobalSection
EndGlobal
